
Microsoft Visual Studio Solution File, Format Version 12.00
# Visual Studio Version 16
VisualStudioVersion = 16.0.29505.145
MinimumVisualStudioVersion = 10.0.40219.1
Project("{9A19103F-16F7-4668-BE54-9A1E7A4F7556}") = "SerialTester", "SerialTester\SerialTester.csproj", "{B7D6AB40-CBCB-4F6B-B306-AA4AADB3F894}"
EndProject
Project("{FAE04EC0-301F-11D3-BF4B-00C04F79EFBC}") = "SerialSender", "SerialSender\SerialSender.csproj", "{D3E15709-2BF0-48BF-9C14-D6DB47803889}"
EndProject
Project("{9A19103F-16F7-4668-BE54-9A1E7A4F7556}") = "TeensySharp", "TeensyInteface\TeensySharp\TeensySharp.csproj", "{1B845D34-BA16-4D9A-B4D2-067EDF71C931}"
EndProject
Project("{FAE04EC0-301F-11D3-BF4B-00C04F79EFBC}") = "TeensyIFaceTester", "TeensyIFaceTester\TeensyIFaceTester.csproj", "{87DF961C-0A56-4FBE-92DD-F4E36E1399B1}"
EndProject
Global
	GlobalSection(SolutionConfigurationPlatforms) = preSolution
		Debug|Any CPU = Debug|Any CPU
		Release|Any CPU = Release|Any CPU
	EndGlobalSection
	GlobalSection(ProjectConfigurationPlatforms) = postSolution
		{B7D6AB40-CBCB-4F6B-B306-AA4AADB3F894}.Debug|Any CPU.ActiveCfg = Debug|Any CPU
		{B7D6AB40-CBCB-4F6B-B306-AA4AADB3F894}.Release|Any CPU.ActiveCfg = Release|Any CPU
		{B7D6AB40-CBCB-4F6B-B306-AA4AADB3F894}.Release|Any CPU.Build.0 = Release|Any CPU
		{D3E15709-2BF0-48BF-9C14-D6DB47803889}.Debug|Any CPU.ActiveCfg = Debug|Any CPU
		{D3E15709-2BF0-48BF-9C14-D6DB47803889}.Release|Any CPU.ActiveCfg = Release|Any CPU
		{D3E15709-2BF0-48BF-9C14-D6DB47803889}.Release|Any CPU.Build.0 = Release|Any CPU
		{1B845D34-BA16-4D9A-B4D2-067EDF71C931}.Debug|Any CPU.ActiveCfg = Debug|Any CPU
		{1B845D34-BA16-4D9A-B4D2-067EDF71C931}.Debug|Any CPU.Build.0 = Debug|Any CPU
		{1B845D34-BA16-4D9A-B4D2-067EDF71C931}.Release|Any CPU.ActiveCfg = Release|Any CPU
		{1B845D34-BA16-4D9A-B4D2-067EDF71C931}.Release|Any CPU.Build.0 = Release|Any CPU
		{87DF961C-0A56-4FBE-92DD-F4E36E1399B1}.Debug|Any CPU.ActiveCfg = Debug|Any CPU
		{87DF961C-0A56-4FBE-92DD-F4E36E1399B1}.Debug|Any CPU.Build.0 = Debug|Any CPU
		{87DF961C-0A56-4FBE-92DD-F4E36E1399B1}.Release|Any CPU.ActiveCfg = Release|Any CPU
		{87DF961C-0A56-4FBE-92DD-F4E36E1399B1}.Release|Any CPU.Build.0 = Release|Any CPU
	EndGlobalSection
	GlobalSection(SolutionProperties) = preSolution
		HideSolutionNode = FALSE
	EndGlobalSection
	GlobalSection(ExtensibilityGlobals) = postSolution
		SolutionGuid = {533D3AB3-2015-4ACC-A742-3327B8CEB098}
	EndGlobalSection
EndGlobal
